
Microsoft Visual Studio Solution File, Format Version 12.00
# Visual Studio Version 17
VisualStudioVersion = 17.10.35027.167
MinimumVisualStudioVersion = 10.0.40219.1
Project("{FAE04EC0-301F-11D3-BF4B-00C04F79EFBC}") = "StudentsMarksProject", "StudentsMarksProject\StudentsMarksProject.csproj", "{501A9CE0-2E64-47CB-B232-7FB20A48B040}"
EndProject
Project("{9A19103F-16F7-4668-BE54-9A1E7A4F7556}") = "GradeDO", "..\GradeDAL\GradeDO\GradeDO.csproj", "{ECB1ECB8-F01E-45D4-8BEA-C9B419FB81C0}"
EndProject
Global
	GlobalSection(SolutionConfigurationPlatforms) = preSolution
		Debug|Any CPU = Debug|Any CPU
		Release|Any CPU = Release|Any CPU
	EndGlobalSection
	GlobalSection(ProjectConfigurationPlatforms) = postSolution
		{501A9CE0-2E64-47CB-B232-7FB20A48B040}.Debug|Any CPU.ActiveCfg = Debug|Any CPU
		{501A9CE0-2E64-47CB-B232-7FB20A48B040}.Debug|Any CPU.Build.0 = Debug|Any CPU
		{501A9CE0-2E64-47CB-B232-7FB20A48B040}.Release|Any CPU.ActiveCfg = Release|Any CPU
		{501A9CE0-2E64-47CB-B232-7FB20A48B040}.Release|Any CPU.Build.0 = Release|Any CPU
		{ECB1ECB8-F01E-45D4-8BEA-C9B419FB81C0}.Debug|Any CPU.ActiveCfg = Debug|Any CPU
		{ECB1ECB8-F01E-45D4-8BEA-C9B419FB81C0}.Debug|Any CPU.Build.0 = Debug|Any CPU
		{ECB1ECB8-F01E-45D4-8BEA-C9B419FB81C0}.Release|Any CPU.ActiveCfg = Release|Any CPU
		{ECB1ECB8-F01E-45D4-8BEA-C9B419FB81C0}.Release|Any CPU.Build.0 = Release|Any CPU
	EndGlobalSection
	GlobalSection(SolutionProperties) = preSolution
		HideSolutionNode = FALSE
	EndGlobalSection
	GlobalSection(ExtensibilityGlobals) = postSolution
		SolutionGuid = {8BF3A04F-11B5-4EC3-BF5C-A80E20C7F525}
	EndGlobalSection
EndGlobal
